
Microsoft Visual Studio Solution File, Format Version 12.00
# Visual Studio 15
VisualStudioVersion = 15.0.28010.2003
MinimumVisualStudioVersion = 10.0.40219.1
Project("{FAE04EC0-301F-11D3-BF4B-00C04F79EFBC}") = "CollectionEx", "CollectionEx\CollectionEx.csproj", "{274CF0B3-2D6A-40FC-8F06-2C5223C70A45}"
EndProject
Global
	GlobalSection(SolutionConfigurationPlatforms) = preSolution
		Debug|Any CPU = Debug|Any CPU
		Release|Any CPU = Release|Any CPU
	EndGlobalSection
	GlobalSection(ProjectConfigurationPlatforms) = postSolution
		{274CF0B3-2D6A-40FC-8F06-2C5223C70A45}.Debug|Any CPU.ActiveCfg = Debug|Any CPU
		{274CF0B3-2D6A-40FC-8F06-2C5223C70A45}.Debug|Any CPU.Build.0 = Debug|Any CPU
		{274CF0B3-2D6A-40FC-8F06-2C5223C70A45}.Release|Any CPU.ActiveCfg = Release|Any CPU
		{274CF0B3-2D6A-40FC-8F06-2C5223C70A45}.Release|Any CPU.Build.0 = Release|Any CPU
	EndGlobalSection
	GlobalSection(SolutionProperties) = preSolution
		HideSolutionNode = FALSE
	EndGlobalSection
	GlobalSection(ExtensibilityGlobals) = postSolution
		SolutionGuid = {5BAABF8A-C601-493F-8EE5-DA1490EC7213}
	EndGlobalSection
EndGlobal
