
Microsoft Visual Studio Solution File, Format Version 12.00
# Visual Studio 15
VisualStudioVersion = 15.0.28010.2003
MinimumVisualStudioVersion = 10.0.40219.1
Project("{FAE04EC0-301F-11D3-BF4B-00C04F79EFBC}") = "Yield2", "Yield2\Yield2.csproj", "{19B7C23E-00D5-40CB-BE3B-91E23BB312F8}"
EndProject
Global
	GlobalSection(SolutionConfigurationPlatforms) = preSolution
		Debug|Any CPU = Debug|Any CPU
		Release|Any CPU = Release|Any CPU
	EndGlobalSection
	GlobalSection(ProjectConfigurationPlatforms) = postSolution
		{19B7C23E-00D5-40CB-BE3B-91E23BB312F8}.Debug|Any CPU.ActiveCfg = Debug|Any CPU
		{19B7C23E-00D5-40CB-BE3B-91E23BB312F8}.Debug|Any CPU.Build.0 = Debug|Any CPU
		{19B7C23E-00D5-40CB-BE3B-91E23BB312F8}.Release|Any CPU.ActiveCfg = Release|Any CPU
		{19B7C23E-00D5-40CB-BE3B-91E23BB312F8}.Release|Any CPU.Build.0 = Release|Any CPU
	EndGlobalSection
	GlobalSection(SolutionProperties) = preSolution
		HideSolutionNode = FALSE
	EndGlobalSection
	GlobalSection(ExtensibilityGlobals) = postSolution
		SolutionGuid = {50A63F6F-1421-4B83-AE1D-CC148B155A2F}
	EndGlobalSection
EndGlobal
